
Microsoft Visual Studio Solution File, Format Version 12.00
# Visual Studio Version 16
VisualStudioVersion = 16.0.29306.81
MinimumVisualStudioVersion = 10.0.40219.1
Project("{FAE04EC0-301F-11D3-BF4B-00C04F79EFBC}") = "ProjectForFoxes", "ProjectForFoxes.csproj", "{2F8FE764-BEEA-4D4E-B9FE-BE6067CFE729}"
EndProject
Global
	GlobalSection(SolutionConfigurationPlatforms) = preSolution
		Debug|Any CPU = Debug|Any CPU
		Release|Any CPU = Release|Any CPU
	EndGlobalSection
	GlobalSection(ProjectConfigurationPlatforms) = postSolution
		{2F8FE764-BEEA-4D4E-B9FE-BE6067CFE729}.Debug|Any CPU.ActiveCfg = Debug|Any CPU
		{2F8FE764-BEEA-4D4E-B9FE-BE6067CFE729}.Debug|Any CPU.Build.0 = Debug|Any CPU
		{2F8FE764-BEEA-4D4E-B9FE-BE6067CFE729}.Release|Any CPU.ActiveCfg = Release|Any CPU
		{2F8FE764-BEEA-4D4E-B9FE-BE6067CFE729}.Release|Any CPU.Build.0 = Release|Any CPU
	EndGlobalSection
	GlobalSection(SolutionProperties) = preSolution
		HideSolutionNode = FALSE
	EndGlobalSection
	GlobalSection(ExtensibilityGlobals) = postSolution
		SolutionGuid = {F82F057D-BA92-461E-A6DD-20DD6AA5B9A5}
	EndGlobalSection
EndGlobal
